
Microsoft Visual Studio Solution File, Format Version 12.00
# Visual Studio Version 17
VisualStudioVersion = 17.0.32112.339
MinimumVisualStudioVersion = 10.0.40219.1
Project("{FAE04EC0-301F-11D3-BF4B-00C04F79EFBC}") = "Gitpractice", "Gitpractice\Gitpractice.csproj", "{2103FBE1-FFE0-47F4-A7B0-2A61D1063870}"
EndProject
Global
	GlobalSection(SolutionConfigurationPlatforms) = preSolution
		Debug|Any CPU = Debug|Any CPU
		Release|Any CPU = Release|Any CPU
	EndGlobalSection
	GlobalSection(ProjectConfigurationPlatforms) = postSolution
		{2103FBE1-FFE0-47F4-A7B0-2A61D1063870}.Debug|Any CPU.ActiveCfg = Debug|Any CPU
		{2103FBE1-FFE0-47F4-A7B0-2A61D1063870}.Debug|Any CPU.Build.0 = Debug|Any CPU
		{2103FBE1-FFE0-47F4-A7B0-2A61D1063870}.Release|Any CPU.ActiveCfg = Release|Any CPU
		{2103FBE1-FFE0-47F4-A7B0-2A61D1063870}.Release|Any CPU.Build.0 = Release|Any CPU
	EndGlobalSection
	GlobalSection(SolutionProperties) = preSolution
		HideSolutionNode = FALSE
	EndGlobalSection
	GlobalSection(ExtensibilityGlobals) = postSolution
		SolutionGuid = {46391FDC-CBEC-4092-9885-F0FEB1AF559C}
	EndGlobalSection
EndGlobal
